
Microsoft Visual Studio Solution File, Format Version 12.00
# Visual Studio Version 17
VisualStudioVersion = 17.2.32526.322
MinimumVisualStudioVersion = 10.0.40219.1
Project("{FAE04EC0-301F-11D3-BF4B-00C04F79EFBC}") = "LD_Calculator", "LD_Calculator\LD_Calculator.csproj", "{AD7A386C-3C40-4211-A7D6-69BE8EFD51F5}"
EndProject
Global
	GlobalSection(SolutionConfigurationPlatforms) = preSolution
		Debug|Any CPU = Debug|Any CPU
		Release|Any CPU = Release|Any CPU
	EndGlobalSection
	GlobalSection(ProjectConfigurationPlatforms) = postSolution
		{AD7A386C-3C40-4211-A7D6-69BE8EFD51F5}.Debug|Any CPU.ActiveCfg = Debug|Any CPU
		{AD7A386C-3C40-4211-A7D6-69BE8EFD51F5}.Debug|Any CPU.Build.0 = Debug|Any CPU
		{AD7A386C-3C40-4211-A7D6-69BE8EFD51F5}.Release|Any CPU.ActiveCfg = Release|Any CPU
		{AD7A386C-3C40-4211-A7D6-69BE8EFD51F5}.Release|Any CPU.Build.0 = Release|Any CPU
	EndGlobalSection
	GlobalSection(SolutionProperties) = preSolution
		HideSolutionNode = FALSE
	EndGlobalSection
	GlobalSection(ExtensibilityGlobals) = postSolution
		SolutionGuid = {3082D281-60B3-4939-AB8A-8B5E67CF0201}
	EndGlobalSection
EndGlobal
